
Microsoft Visual Studio Solution File, Format Version 12.00
# Visual Studio Version 17
VisualStudioVersion = 17.6.33723.286
MinimumVisualStudioVersion = 10.0.40219.1
Project("{FAE04EC0-301F-11D3-BF4B-00C04F79EFBC}") = "MCC C# Code Create User Page", "MCC C# Code Create User Page\MCC C# Code Create User Page.csproj", "{7608B1DD-A2B6-4891-907C-B3CF81694A48}"
EndProject
Global
	GlobalSection(SolutionConfigurationPlatforms) = preSolution
		Debug|Any CPU = Debug|Any CPU
		Release|Any CPU = Release|Any CPU
	EndGlobalSection
	GlobalSection(ProjectConfigurationPlatforms) = postSolution
		{7608B1DD-A2B6-4891-907C-B3CF81694A48}.Debug|Any CPU.ActiveCfg = Debug|Any CPU
		{7608B1DD-A2B6-4891-907C-B3CF81694A48}.Debug|Any CPU.Build.0 = Debug|Any CPU
		{7608B1DD-A2B6-4891-907C-B3CF81694A48}.Release|Any CPU.ActiveCfg = Release|Any CPU
		{7608B1DD-A2B6-4891-907C-B3CF81694A48}.Release|Any CPU.Build.0 = Release|Any CPU
	EndGlobalSection
	GlobalSection(SolutionProperties) = preSolution
		HideSolutionNode = FALSE
	EndGlobalSection
	GlobalSection(ExtensibilityGlobals) = postSolution
		SolutionGuid = {8EEA88FC-F3ED-466A-ADBE-7343EC0908D0}
	EndGlobalSection
EndGlobal
